# @generated by Move, please check-in and do not edit manually.

[move]
version = 3
manifest_digest = "2ECEB13B5FD8CFEE10D744B3C1C4D170C24B0088BF5D0B6FD1B8C330D323CA00"
deps_digest = "060AD7E57DFB13104F21BE5F5C3759D03F0553FC3229247D9A7A6B45F50D03A3"
dependencies = [
  { id = "Sui", name = "Sui" },
  { id = "autopilot", name = "autopilot" },
  { id = "eggx_test", name = "eggx_test" },
]

[[move.package]]
id = "MoveStdlib"
source = { git = "https://github.com/MystenLabs/sui.git", rev = "framework/testnet", subdir = "crates/sui-framework/packages/move-stdlib" }

[[move.package]]
id = "Sui"
source = { git = "https://github.com/MystenLabs/sui.git", rev = "framework/testnet", subdir = "crates/sui-framework/packages/sui-framework" }

dependencies = [
  { id = "MoveStdlib", name = "MoveStdlib" },
]

[[move.package]]
id = "autopilot"
source = { git = "https://github.com/E99-X/eggx_protocol.git", rev = "develop", subdir = "autopilot" }

dependencies = [
  { id = "Sui", name = "Sui" },
  { id = "eggx_test", name = "eggx_test" },
]

[[move.package]]
id = "eggx_test"
source = { git = "https://github.com/E99-X/eggx_protocol.git", rev = "develop", subdir = "eggx_test" }

dependencies = [
  { id = "Sui", name = "Sui" },
]

[move.toolchain-version]
compiler-version = "1.48.0"
edition = "2024.beta"
flavor = "sui"

[env]

[env.testnet]
chain-id = "4c78adac"
original-published-id = "0xa86b9f811ae34f55fb2d8e9becc9477ba2f22861ac014e11e831e0fbd88c2129"
latest-published-id = "0xa86b9f811ae34f55fb2d8e9becc9477ba2f22861ac014e11e831e0fbd88c2129"
published-version = "1"
