# @generated by Move, please check-in and do not edit manually.

[move]
version = 3
manifest_digest = "73969E8D07E37B161695706BC748EA0F8487FAD85AFE1269298F403F104968F5"
deps_digest = "060AD7E57DFB13104F21BE5F5C3759D03F0553FC3229247D9A7A6B45F50D03A3"
dependencies = [
  { id = "Sui", name = "Sui" },
  { id = "autopilot", name = "autopilot" },
  { id = "eggx_test", name = "eggx_test" },
]

[[move.package]]
id = "MoveStdlib"
source = { git = "https://github.com/MystenLabs/sui.git", rev = "framework/testnet", subdir = "crates/sui-framework/packages/move-stdlib" }

[[move.package]]
id = "Sui"
source = { git = "https://github.com/MystenLabs/sui.git", rev = "framework/testnet", subdir = "crates/sui-framework/packages/sui-framework" }

dependencies = [
  { id = "MoveStdlib", name = "MoveStdlib" },
]

[[move.package]]
id = "autopilot"
source = { git = "https://github.com/petushka1/eggx.git", rev = "develop", subdir = "autopilot" }

dependencies = [
  { id = "Sui", name = "Sui" },
  { id = "eggx_test", name = "eggx_test" },
]

[[move.package]]
id = "eggx_test"
source = { git = "https://github.com/petushka1/eggx.git", rev = "develop", subdir = "move" }

dependencies = [
  { id = "Sui", name = "Sui" },
]

[move.toolchain-version]
compiler-version = "1.48.0"
edition = "2024.beta"
flavor = "sui"

[env]

[env.testnet]
chain-id = "4c78adac"
original-published-id = "0xa897e88d1f215ce96b0bb0b6c98723169757876892dbbab1e4688f2ec31f1e86"
latest-published-id = "0xa897e88d1f215ce96b0bb0b6c98723169757876892dbbab1e4688f2ec31f1e86"
published-version = "1"
